
Microsoft Visual Studio Solution File, Format Version 12.00
# Visual Studio Version 17
VisualStudioVersion = 17.10.35122.118
MinimumVisualStudioVersion = 10.0.40219.1
Project("{FAE04EC0-301F-11D3-BF4B-00C04F79EFBC}") = "Labb4-MVC&Razor", "Labb4-MVC&Razor.csproj", "{51B0D0AA-ECEE-4DCF-8727-C16366D75597}"
EndProject
Global
	GlobalSection(SolutionConfigurationPlatforms) = preSolution
		Debug|Any CPU = Debug|Any CPU
		Release|Any CPU = Release|Any CPU
	EndGlobalSection
	GlobalSection(ProjectConfigurationPlatforms) = postSolution
		{51B0D0AA-ECEE-4DCF-8727-C16366D75597}.Debug|Any CPU.ActiveCfg = Debug|Any CPU
		{51B0D0AA-ECEE-4DCF-8727-C16366D75597}.Debug|Any CPU.Build.0 = Debug|Any CPU
		{51B0D0AA-ECEE-4DCF-8727-C16366D75597}.Release|Any CPU.ActiveCfg = Release|Any CPU
		{51B0D0AA-ECEE-4DCF-8727-C16366D75597}.Release|Any CPU.Build.0 = Release|Any CPU
	EndGlobalSection
	GlobalSection(SolutionProperties) = preSolution
		HideSolutionNode = FALSE
	EndGlobalSection
	GlobalSection(ExtensibilityGlobals) = postSolution
		SolutionGuid = {D30C1570-C089-49D4-9264-3FAA577CA13D}
	EndGlobalSection
EndGlobal
